
Microsoft Visual Studio Solution File, Format Version 12.00
# Visual Studio 15
VisualStudioVersion = 15.0.28010.2036
MinimumVisualStudioVersion = 10.0.40219.1
Project("{FAE04EC0-301F-11D3-BF4B-00C04F79EFBC}") = "AKQA.Money2Word", "AKQA.Money2Word\AKQA.Money2Word.csproj", "{E2C5FAE1-3DAF-4935-87FD-F016E8DE0EE3}"
EndProject
Project("{FAE04EC0-301F-11D3-BF4B-00C04F79EFBC}") = "AKQA.Money2Word.Tests", "AKQA.Money2Word.Tests\AKQA.Money2Word.Tests.csproj", "{E2C81A48-8D46-496D-8FAF-C486B1A3973C}"
EndProject
Global
	GlobalSection(SolutionConfigurationPlatforms) = preSolution
		Debug|Any CPU = Debug|Any CPU
		Release|Any CPU = Release|Any CPU
	EndGlobalSection
	GlobalSection(ProjectConfigurationPlatforms) = postSolution
		{E2C5FAE1-3DAF-4935-87FD-F016E8DE0EE3}.Debug|Any CPU.ActiveCfg = Debug|Any CPU
		{E2C5FAE1-3DAF-4935-87FD-F016E8DE0EE3}.Debug|Any CPU.Build.0 = Debug|Any CPU
		{E2C5FAE1-3DAF-4935-87FD-F016E8DE0EE3}.Release|Any CPU.ActiveCfg = Release|Any CPU
		{E2C5FAE1-3DAF-4935-87FD-F016E8DE0EE3}.Release|Any CPU.Build.0 = Release|Any CPU
		{E2C81A48-8D46-496D-8FAF-C486B1A3973C}.Debug|Any CPU.ActiveCfg = Debug|Any CPU
		{E2C81A48-8D46-496D-8FAF-C486B1A3973C}.Debug|Any CPU.Build.0 = Debug|Any CPU
		{E2C81A48-8D46-496D-8FAF-C486B1A3973C}.Release|Any CPU.ActiveCfg = Release|Any CPU
		{E2C81A48-8D46-496D-8FAF-C486B1A3973C}.Release|Any CPU.Build.0 = Release|Any CPU
	EndGlobalSection
	GlobalSection(SolutionProperties) = preSolution
		HideSolutionNode = FALSE
	EndGlobalSection
	GlobalSection(ExtensibilityGlobals) = postSolution
		SolutionGuid = {8B18A510-E030-4F61-AEA8-FA0D413694B4}
	EndGlobalSection
EndGlobal
